// !$*UTF8*$!
{
	archiveVersion = 1;
	classes = {
	};
	objectVersion = 52;
	objects = {

/* Begin PBXBuildFile section */
		E53C56CB26A2ED4800940E76 /* AppDelegate.swift in Sources */ = {isa = PBXBuildFile; fileRef = E53C56CA26A2ED4800940E76 /* AppDelegate.swift */; };
		E53C56CD26A2ED4800940E76 /* SceneDelegate.swift in Sources */ = {isa = PBXBuildFile; fileRef = E53C56CC26A2ED4800940E76 /* SceneDelegate.swift */; };
		E53C56CF26A2ED4800940E76 /* ViewController.swift in Sources */ = {isa = PBXBuildFile; fileRef = E53C56CE26A2ED4800940E76 /* ViewController.swift */; };
		E53C56D226A2ED4800940E76 /* Main.storyboard in Resources */ = {isa = PBXBuildFile; fileRef = E53C56D026A2ED4800940E76 /* Main.storyboard */; };
		E53C56D426A2ED4A00940E76 /* Assets.xcassets in Resources */ = {isa = PBXBuildFile; fileRef = E53C56D326A2ED4A00940E76 /* Assets.xcassets */; };
		E53C56D726A2ED4A00940E76 /* LaunchScreen.storyboard in Resources */ = {isa = PBXBuildFile; fileRef = E53C56D526A2ED4A00940E76 /* LaunchScreen.storyboard */; };
		E53C56E026A2EF6000940E76 /* RequestManager.swift in Sources */ = {isa = PBXBuildFile; fileRef = E53C56DF26A2EF6000940E76 /* RequestManager.swift */; };
		E53C56E326A2F08B00940E76 /* Alamofire in Frameworks */ = {isa = PBXBuildFile; productRef = E53C56E226A2F08B00940E76 /* Alamofire */; };
/* End PBXBuildFile section */

/* Begin PBXFileReference section */
		E53C56C726A2ED4800940E76 /* IMDB Clone.app */ = {isa = PBXFileReference; explicitFileType = wrapper.application; includeInIndex = 0; path = "IMDB Clone.app"; sourceTree = BUILT_PRODUCTS_DIR; };
		E53C56CA26A2ED4800940E76 /* AppDelegate.swift */ = {isa = PBXFileReference; lastKnownFileType = sourcecode.swift; path = AppDelegate.swift; sourceTree = "<group>"; };
		E53C56CC26A2ED4800940E76 /* SceneDelegate.swift */ = {isa = PBXFileReference; lastKnownFileType = sourcecode.swift; path = SceneDelegate.swift; sourceTree = "<group>"; };
		E53C56CE26A2ED4800940E76 /* ViewController.swift */ = {isa = PBXFileReference; lastKnownFileType = sourcecode.swift; path = ViewController.swift; sourceTree = "<group>"; };
		E53C56D126A2ED4800940E76 /* Base */ = {isa = PBXFileReference; lastKnownFileType = file.storyboard; name = Base; path = Base.lproj/Main.storyboard; sourceTree = "<group>"; };
		E53C56D326A2ED4A00940E76 /* Assets.xcassets */ = {isa = PBXFileReference; lastKnownFileType = folder.assetcatalog; path = Assets.xcassets; sourceTree = "<group>"; };
		E53C56D626A2ED4A00940E76 /* Base */ = {isa = PBXFileReference; lastKnownFileType = file.storyboard; name = Base; path = Base.lproj/LaunchScreen.storyboard; sourceTree = "<group>"; };
		E53C56D826A2ED4A00940E76 /* Info.plist */ = {isa = PBXFileReference; lastKnownFileType = text.plist.xml; path = Info.plist; sourceTree = "<group>"; };
		E53C56DF26A2EF6000940E76 /* RequestManager.swift */ = {isa = PBXFileReference; lastKnownFileType = sourcecode.swift; path = RequestManager.swift; sourceTree = "<group>"; };
/* End PBXFileReference section */

/* Begin PBXFrameworksBuildPhase section */
		E53C56C426A2ED4800940E76 /* Frameworks */ = {
			isa = PBXFrameworksBuildPhase;
			buildActionMask = 2147483647;
			files = (
				E53C56E326A2F08B00940E76 /* Alamofire in Frameworks */,
			);
			runOnlyForDeploymentPostprocessing = 0;
		};
/* End PBXFrameworksBuildPhase section */

/* Begin PBXGroup section */
		E53C56BE26A2ED4800940E76 = {
			isa = PBXGroup;
			children = (
				E53C56C926A2ED4800940E76 /* IMDB Clone */,
				E53C56C826A2ED4800940E76 /* Products */,
			);
			sourceTree = "<group>";
		};
		E53C56C826A2ED4800940E76 /* Products */ = {
			isa = PBXGroup;
			children = (
				E53C56C726A2ED4800940E76 /* IMDB Clone.app */,
			);
			name = Products;
			sourceTree = "<group>";
		};
		E53C56C926A2ED4800940E76 /* IMDB Clone */ = {
			isa = PBXGroup;
			children = (
				E53C56DE26A2EF4C00940E76 /* Managers */,
				E53C56CA26A2ED4800940E76 /* AppDelegate.swift */,
				E53C56CC26A2ED4800940E76 /* SceneDelegate.swift */,
				E53C56CE26A2ED4800940E76 /* ViewController.swift */,
				E53C56D026A2ED4800940E76 /* Main.storyboard */,
				E53C56D326A2ED4A00940E76 /* Assets.xcassets */,
				E53C56D526A2ED4A00940E76 /* LaunchScreen.storyboard */,
				E53C56D826A2ED4A00940E76 /* Info.plist */,
			);
			path = "IMDB Clone";
			sourceTree = "<group>";
		};
		E53C56DE26A2EF4C00940E76 /* Managers */ = {
			isa = PBXGroup;
			children = (
				E53C56DF26A2EF6000940E76 /* RequestManager.swift */,
			);
			path = Managers;
			sourceTree = "<group>";
		};
/* End PBXGroup section */

/* Begin PBXNativeTarget section */
		E53C56C626A2ED4800940E76 /* IMDB Clone */ = {
			isa = PBXNativeTarget;
			buildConfigurationList = E53C56DB26A2ED4A00940E76 /* Build configuration list for PBXNativeTarget "IMDB Clone" */;
			buildPhases = (
				E53C56C326A2ED4800940E76 /* Sources */,
				E53C56C426A2ED4800940E76 /* Frameworks */,
				E53C56C526A2ED4800940E76 /* Resources */,
			);
			buildRules = (
			);
			dependencies = (
			);
			name = "IMDB Clone";
			packageProductDependencies = (
				E53C56E226A2F08B00940E76 /* Alamofire */,
			);
			productName = "IMDB Clone";
			productReference = E53C56C726A2ED4800940E76 /* IMDB Clone.app */;
			productType = "com.apple.product-type.application";
		};
/* End PBXNativeTarget section */

/* Begin PBXProject section */
		E53C56BF26A2ED4800940E76 /* Project object */ = {
			isa = PBXProject;
			attributes = {
				LastSwiftUpdateCheck = 1250;
				LastUpgradeCheck = 1250;
				TargetAttributes = {
					E53C56C626A2ED4800940E76 = {
						CreatedOnToolsVersion = 12.5.1;
					};
				};
			};
			buildConfigurationList = E53C56C226A2ED4800940E76 /* Build configuration list for PBXProject "IMDB Clone" */;
			compatibilityVersion = "Xcode 9.3";
			developmentRegion = en;
			hasScannedForEncodings = 0;
			knownRegions = (
				en,
				Base,
			);
			mainGroup = E53C56BE26A2ED4800940E76;
			packageReferences = (
				E53C56E126A2F08B00940E76 /* XCRemoteSwiftPackageReference "Alamofire" */,
			);
			productRefGroup = E53C56C826A2ED4800940E76 /* Products */;
			projectDirPath = "";
			projectRoot = "";
			targets = (
				E53C56C626A2ED4800940E76 /* IMDB Clone */,
			);
		};
/* End PBXProject section */

/* Begin PBXResourcesBuildPhase section */
		E53C56C526A2ED4800940E76 /* Resources */ = {
			isa = PBXResourcesBuildPhase;
			buildActionMask = 2147483647;
			files = (
				E53C56D726A2ED4A00940E76 /* LaunchScreen.storyboard in Resources */,
				E53C56D426A2ED4A00940E76 /* Assets.xcassets in Resources */,
				E53C56D226A2ED4800940E76 /* Main.storyboard in Resources */,
			);
			runOnlyForDeploymentPostprocessing = 0;
		};
/* End PBXResourcesBuildPhase section */

/* Begin PBXSourcesBuildPhase section */
		E53C56C326A2ED4800940E76 /* Sources */ = {
			isa = PBXSourcesBuildPhase;
			buildActionMask = 2147483647;
			files = (
				E53C56CF26A2ED4800940E76 /* ViewController.swift in Sources */,
				E53C56CB26A2ED4800940E76 /* AppDelegate.swift in Sources */,
				E53C56CD26A2ED4800940E76 /* SceneDelegate.swift in Sources */,
				E53C56E026A2EF6000940E76 /* RequestManager.swift in Sources */,
			);
			runOnlyForDeploymentPostprocessing = 0;
		};
/* End PBXSourcesBuildPhase section */

/* Begin PBXVariantGroup section */
		E53C56D026A2ED4800940E76 /* Main.storyboard */ = {
			isa = PBXVariantGroup;
			children = (
				E53C56D126A2ED4800940E76 /* Base */,
			);
			name = Main.storyboard;
			sourceTree = "<group>";
		};
		E53C56D526A2ED4A00940E76 /* LaunchScreen.storyboard */ = {
			isa = PBXVariantGroup;
			children = (
				E53C56D626A2ED4A00940E76 /* Base */,
			);
			name = LaunchScreen.storyboard;
			sourceTree = "<group>";
		};
/* End PBXVariantGroup section */

/* Begin XCBuildConfiguration section */
		E53C56D926A2ED4A00940E76 /* Debug */ = {
			isa = XCBuildConfiguration;
			buildSettings = {
				ALWAYS_SEARCH_USER_PATHS = NO;
				CLANG_ANALYZER_NONNULL = YES;
				CLANG_ANALYZER_NUMBER_OBJECT_CONVERSION = YES_AGGRESSIVE;
				CLANG_CXX_LANGUAGE_STANDARD = "gnu++14";
				CLANG_CXX_LIBRARY = "libc++";
				CLANG_ENABLE_MODULES = YES;
				CLANG_ENABLE_OBJC_ARC = YES;
				CLANG_ENABLE_OBJC_WEAK = YES;
				CLANG_WARN_BLOCK_CAPTURE_AUTORELEASING = YES;
				CLANG_WARN_BOOL_CONVERSION = YES;
				CLANG_WARN_COMMA = YES;
				CLANG_WARN_CONSTANT_CONVERSION = YES;
				CLANG_WARN_DEPRECATED_OBJC_IMPLEMENTATIONS = YES;
				CLANG_WARN_DIRECT_OBJC_ISA_USAGE = YES_ERROR;
				CLANG_WARN_DOCUMENTATION_COMMENTS = YES;
				CLANG_WARN_EMPTY_BODY = YES;
				CLANG_WARN_ENUM_CONVERSION = YES;
				CLANG_WARN_INFINITE_RECURSION = YES;
				CLANG_WARN_INT_CONVERSION = YES;
				CLANG_WARN_NON_LITERAL_NULL_CONVERSION = YES;
				CLANG_WARN_OBJC_IMPLICIT_RETAIN_SELF = YES;
				CLANG_WARN_OBJC_LITERAL_CONVERSION = YES;
				CLANG_WARN_OBJC_ROOT_CLASS = YES_ERROR;
				CLANG_WARN_QUOTED_INCLUDE_IN_FRAMEWORK_HEADER = YES;
				CLANG_WARN_RANGE_LOOP_ANALYSIS = YES;
				CLANG_WARN_STRICT_PROTOTYPES = YES;
				CLANG_WARN_SUSPICIOUS_MOVE = YES;
				CLANG_WARN_UNGUARDED_AVAILABILITY = YES_AGGRESSIVE;
				CLANG_WARN_UNREACHABLE_CODE = YES;
				CLANG_WARN__DUPLICATE_METHOD_MATCH = YES;
				COPY_PHASE_STRIP = NO;
				DEBUG_INFORMATION_FORMAT = dwarf;
				ENABLE_STRICT_OBJC_MSGSEND = YES;
				ENABLE_TESTABILITY = YES;
				GCC_C_LANGUAGE_STANDARD = gnu11;
				GCC_DYNAMIC_NO_PIC = NO;
				GCC_NO_COMMON_BLOCKS = YES;
				GCC_OPTIMIZATION_LEVEL = 0;
				GCC_PREPROCESSOR_DEFINITIONS = (
					"DEBUG=1",
					"$(inherited)",
				);
				GCC_WARN_64_TO_32_BIT_CONVERSION = YES;
				GCC_WARN_ABOUT_RETURN_TYPE = YES_ERROR;
				GCC_WARN_UNDECLARED_SELECTOR = YES;
				GCC_WARN_UNINITIALIZED_AUTOS = YES_AGGRESSIVE;
				GCC_WARN_UNUSED_FUNCTION = YES;
				GCC_WARN_UNUSED_VARIABLE = YES;
				IPHONEOS_DEPLOYMENT_TARGET = 14.5;
				MTL_ENABLE_DEBUG_INFO = INCLUDE_SOURCE;
				MTL_FAST_MATH = YES;
				ONLY_ACTIVE_ARCH = YES;
				SDKROOT = iphoneos;
				SWIFT_ACTIVE_COMPILATION_CONDITIONS = DEBUG;
				SWIFT_OPTIMIZATION_LEVEL = "-Onone";
			};
			name = Debug;
		};
		E53C56DA26A2ED4A00940E76 /* Release */ = {
			isa = XCBuildConfiguration;
			buildSettings = {
				ALWAYS_SEARCH_USER_PATHS = NO;
				CLANG_ANALYZER_NONNULL = YES;
				CLANG_ANALYZER_NUMBER_OBJECT_CONVERSION = YES_AGGRESSIVE;
				CLANG_CXX_LANGUAGE_STANDARD = "gnu++14";
				CLANG_CXX_LIBRARY = "libc++";
				CLANG_ENABLE_MODULES = YES;
				CLANG_ENABLE_OBJC_ARC = YES;
				CLANG_ENABLE_OBJC_WEAK = YES;
				CLANG_WARN_BLOCK_CAPTURE_AUTORELEASING = YES;
				CLANG_WARN_BOOL_CONVERSION = YES;
				CLANG_WARN_COMMA = YES;
				CLANG_WARN_CONSTANT_CONVERSION = YES;
				CLANG_WARN_DEPRECATED_OBJC_IMPLEMENTATIONS = YES;
				CLANG_WARN_DIRECT_OBJC_ISA_USAGE = YES_ERROR;
				CLANG_WARN_DOCUMENTATION_COMMENTS = YES;
				CLANG_WARN_EMPTY_BODY = YES;
				CLANG_WARN_ENUM_CONVERSION = YES;
				CLANG_WARN_INFINITE_RECURSION = YES;
				CLANG_WARN_INT_CONVERSION = YES;
				CLANG_WARN_NON_LITERAL_NULL_CONVERSION = YES;
				CLANG_WARN_OBJC_IMPLICIT_RETAIN_SELF = YES;
				CLANG_WARN_OBJC_LITERAL_CONVERSION = YES;
				CLANG_WARN_OBJC_ROOT_CLASS = YES_ERROR;
				CLANG_WARN_QUOTED_INCLUDE_IN_FRAMEWORK_HEADER = YES;
				CLANG_WARN_RANGE_LOOP_ANALYSIS = YES;
				CLANG_WARN_STRICT_PROTOTYPES = YES;
				CLANG_WARN_SUSPICIOUS_MOVE = YES;
				CLANG_WARN_UNGUARDED_AVAILABILITY = YES_AGGRESSIVE;
				CLANG_WARN_UNREACHABLE_CODE = YES;
				CLANG_WARN__DUPLICATE_METHOD_MATCH = YES;
				COPY_PHASE_STRIP = NO;
				DEBUG_INFORMATION_FORMAT = "dwarf-with-dsym";
				ENABLE_NS_ASSERTIONS = NO;
				ENABLE_STRICT_OBJC_MSGSEND = YES;
				GCC_C_LANGUAGE_STANDARD = gnu11;
				GCC_NO_COMMON_BLOCKS = YES;
				GCC_WARN_64_TO_32_BIT_CONVERSION = YES;
				GCC_WARN_ABOUT_RETURN_TYPE = YES_ERROR;
				GCC_WARN_UNDECLARED_SELECTOR = YES;
				GCC_WARN_UNINITIALIZED_AUTOS = YES_AGGRESSIVE;
				GCC_WARN_UNUSED_FUNCTION = YES;
				GCC_WARN_UNUSED_VARIABLE = YES;
				IPHONEOS_DEPLOYMENT_TARGET = 14.5;
				MTL_ENABLE_DEBUG_INFO = NO;
				MTL_FAST_MATH = YES;
				SDKROOT = iphoneos;
				SWIFT_COMPILATION_MODE = wholemodule;
				SWIFT_OPTIMIZATION_LEVEL = "-O";
				VALIDATE_PRODUCT = YES;
			};
			name = Release;
		};
		E53C56DC26A2ED4A00940E76 /* Debug */ = {
			isa = XCBuildConfiguration;
			buildSettings = {
				ASSETCATALOG_COMPILER_APPICON_NAME = AppIcon;
				ASSETCATALOG_COMPILER_GLOBAL_ACCENT_COLOR_NAME = AccentColor;
				CODE_SIGN_STYLE = Automatic;
				DEVELOPMENT_TEAM = C5B8534J99;
				INFOPLIST_FILE = "IMDB Clone/Info.plist";
				LD_RUNPATH_SEARCH_PATHS = (
					"$(inherited)",
					"@executable_path/Frameworks",
				);
				PRODUCT_BUNDLE_IDENTIFIER = "com.KonstantinKostadinov.IMDB-Clone";
				PRODUCT_NAME = "$(TARGET_NAME)";
				SWIFT_VERSION = 5.0;
				TARGETED_DEVICE_FAMILY = "1,2";
			};
			name = Debug;
		};
		E53C56DD26A2ED4A00940E76 /* Release */ = {
			isa = XCBuildConfiguration;
			buildSettings = {
				ASSETCATALOG_COMPILER_APPICON_NAME = AppIcon;
				ASSETCATALOG_COMPILER_GLOBAL_ACCENT_COLOR_NAME = AccentColor;
				CODE_SIGN_STYLE = Automatic;
				DEVELOPMENT_TEAM = C5B8534J99;
				INFOPLIST_FILE = "IMDB Clone/Info.plist";
				LD_RUNPATH_SEARCH_PATHS = (
					"$(inherited)",
					"@executable_path/Frameworks",
				);
				PRODUCT_BUNDLE_IDENTIFIER = "com.KonstantinKostadinov.IMDB-Clone";
				PRODUCT_NAME = "$(TARGET_NAME)";
				SWIFT_VERSION = 5.0;
				TARGETED_DEVICE_FAMILY = "1,2";
			};
			name = Release;
		};
/* End XCBuildConfiguration section */

/* Begin XCConfigurationList section */
		E53C56C226A2ED4800940E76 /* Build configuration list for PBXProject "IMDB Clone" */ = {
			isa = XCConfigurationList;
			buildConfigurations = (
				E53C56D926A2ED4A00940E76 /* Debug */,
				E53C56DA26A2ED4A00940E76 /* Release */,
			);
			defaultConfigurationIsVisible = 0;
			defaultConfigurationName = Release;
		};
		E53C56DB26A2ED4A00940E76 /* Build configuration list for PBXNativeTarget "IMDB Clone" */ = {
			isa = XCConfigurationList;
			buildConfigurations = (
				E53C56DC26A2ED4A00940E76 /* Debug */,
				E53C56DD26A2ED4A00940E76 /* Release */,
			);
			defaultConfigurationIsVisible = 0;
			defaultConfigurationName = Release;
		};
/* End XCConfigurationList section */

/* Begin XCRemoteSwiftPackageReference section */
		E53C56E126A2F08B00940E76 /* XCRemoteSwiftPackageReference "Alamofire" */ = {
			isa = XCRemoteSwiftPackageReference;
			repositoryURL = "https://github.com/Alamofire/Alamofire";
			requirement = {
				kind = upToNextMajorVersion;
				minimumVersion = 5.4.3;
			};
		};
/* End XCRemoteSwiftPackageReference section */

/* Begin XCSwiftPackageProductDependency section */
		E53C56E226A2F08B00940E76 /* Alamofire */ = {
			isa = XCSwiftPackageProductDependency;
			package = E53C56E126A2F08B00940E76 /* XCRemoteSwiftPackageReference "Alamofire" */;
			productName = Alamofire;
		};
/* End XCSwiftPackageProductDependency section */
	};
	rootObject = E53C56BF26A2ED4800940E76 /* Project object */;
}
