// !$*UTF8*$!
{
	archiveVersion = 1;
	classes = {
	};
	objectVersion = 52;
	objects = {

/* Begin PBXBuildFile section */
		A8CBA46DAB4C85D549EEE22E /* Pods_IMDB_Clone.framework in Frameworks */ = {isa = PBXBuildFile; fileRef = 137FE603C0D7B4BB54346826 /* Pods_IMDB_Clone.framework */; };
		E53C56CB26A2ED4800940E76 /* AppDelegate.swift in Sources */ = {isa = PBXBuildFile; fileRef = E53C56CA26A2ED4800940E76 /* AppDelegate.swift */; };
		E53C56CD26A2ED4800940E76 /* SceneDelegate.swift in Sources */ = {isa = PBXBuildFile; fileRef = E53C56CC26A2ED4800940E76 /* SceneDelegate.swift */; };
		E53C56CF26A2ED4800940E76 /* ViewController.swift in Sources */ = {isa = PBXBuildFile; fileRef = E53C56CE26A2ED4800940E76 /* ViewController.swift */; };
		E53C56D226A2ED4800940E76 /* Main.storyboard in Resources */ = {isa = PBXBuildFile; fileRef = E53C56D026A2ED4800940E76 /* Main.storyboard */; };
		E53C56D426A2ED4A00940E76 /* Assets.xcassets in Resources */ = {isa = PBXBuildFile; fileRef = E53C56D326A2ED4A00940E76 /* Assets.xcassets */; };
		E53C56D726A2ED4A00940E76 /* LaunchScreen.storyboard in Resources */ = {isa = PBXBuildFile; fileRef = E53C56D526A2ED4A00940E76 /* LaunchScreen.storyboard */; };
		E53C56E026A2EF6000940E76 /* RequestManager.swift in Sources */ = {isa = PBXBuildFile; fileRef = E53C56DF26A2EF6000940E76 /* RequestManager.swift */; };
		E53C56E326A2F08B00940E76 /* Alamofire in Frameworks */ = {isa = PBXBuildFile; productRef = E53C56E226A2F08B00940E76 /* Alamofire */; };
		E53C56EB26A2FB4800940E76 /* TopMovieTableViewCell.swift in Sources */ = {isa = PBXBuildFile; fileRef = E53C56EA26A2FB4700940E76 /* TopMovieTableViewCell.swift */; };
		E53C56EE26A3043000940E76 /* URLExtensions.swift in Sources */ = {isa = PBXBuildFile; fileRef = E53C56ED26A3043000940E76 /* URLExtensions.swift */; };
		E53C56F126A3059800940E76 /* Kingfisher in Frameworks */ = {isa = PBXBuildFile; productRef = E53C56F026A3059800940E76 /* Kingfisher */; };
		E53C56F426A307A600940E76 /* Realm in Frameworks */ = {isa = PBXBuildFile; productRef = E53C56F326A307A600940E76 /* Realm */; };
		E53C56F626A307A600940E76 /* RealmSwift in Frameworks */ = {isa = PBXBuildFile; productRef = E53C56F526A307A600940E76 /* RealmSwift */; };
		E53C56F826A307BE00940E76 /* TopMovies.swift in Sources */ = {isa = PBXBuildFile; fileRef = E53C56F726A307BE00940E76 /* TopMovies.swift */; };
		E53C56FC26A30DC200940E76 /* MBProgressHUD in Frameworks */ = {isa = PBXBuildFile; productRef = E53C56FB26A30DC200940E76 /* MBProgressHUD */; };
		E53C56FE26A30DD100940E76 /* UIViewControllerExtensions.swift in Sources */ = {isa = PBXBuildFile; fileRef = E53C56FD26A30DD100940E76 /* UIViewControllerExtensions.swift */; };
		E53C570126A30E6300940E76 /* LoadingViewController.swift in Sources */ = {isa = PBXBuildFile; fileRef = E53C570026A30E6300940E76 /* LoadingViewController.swift */; };
		E53C570326A30F4100940E76 /* SyncManager.swift in Sources */ = {isa = PBXBuildFile; fileRef = E53C570226A30F4100940E76 /* SyncManager.swift */; };
		E53C570526A30F6D00940E76 /* LocalDataManager.swift in Sources */ = {isa = PBXBuildFile; fileRef = E53C570426A30F6D00940E76 /* LocalDataManager.swift */; };
		E53C570726A3182D00940E76 /* Trailer.swift in Sources */ = {isa = PBXBuildFile; fileRef = E53C570626A3182D00940E76 /* Trailer.swift */; };
		E53C570A26A31D9500940E76 /* PresentTopMovieTrailerViewController.swift in Sources */ = {isa = PBXBuildFile; fileRef = E53C570926A31D9500940E76 /* PresentTopMovieTrailerViewController.swift */; };
		E53C570C26A3241D00940E76 /* TopTVs.swift in Sources */ = {isa = PBXBuildFile; fileRef = E53C570B26A3241D00940E76 /* TopTVs.swift */; };
		E5484CF026A75CB4001AF566 /* MovieTrailer.swift in Sources */ = {isa = PBXBuildFile; fileRef = E5484CEF26A75CB4001AF566 /* MovieTrailer.swift */; };
		E5484CF426A77B83001AF566 /* .swiftlint.yml in Resources */ = {isa = PBXBuildFile; fileRef = E5484CF326A77B83001AF566 /* .swiftlint.yml */; };
		E549D37026A454520058C8D1 /* PopularMoviesAndTVsTableViewController.swift in Sources */ = {isa = PBXBuildFile; fileRef = E549D36F26A454520058C8D1 /* PopularMoviesAndTVsTableViewController.swift */; };
		E549D37226A460410058C8D1 /* SearchViewController.swift in Sources */ = {isa = PBXBuildFile; fileRef = E549D37126A460410058C8D1 /* SearchViewController.swift */; };
		E549D37426A462AE0058C8D1 /* NavigationBarExtensions.swift in Sources */ = {isa = PBXBuildFile; fileRef = E549D37326A462AE0058C8D1 /* NavigationBarExtensions.swift */; };
		E549D37626A462E70058C8D1 /* UIImageExtensions.swift in Sources */ = {isa = PBXBuildFile; fileRef = E549D37526A462E70058C8D1 /* UIImageExtensions.swift */; };
		E5836F0826A592E100471AD3 /* SearchedTitles.swift in Sources */ = {isa = PBXBuildFile; fileRef = E5836F0726A592E100471AD3 /* SearchedTitles.swift */; };
		E5836F0A26A5A71F00471AD3 /* SearchTableViewCell.swift in Sources */ = {isa = PBXBuildFile; fileRef = E5836F0926A5A71F00471AD3 /* SearchTableViewCell.swift */; };
		E5857A9026A44DC9004C1C53 /* MostPopularMovies.swift in Sources */ = {isa = PBXBuildFile; fileRef = E5857A8F26A44DC9004C1C53 /* MostPopularMovies.swift */; };
		E5857A9226A44E28004C1C53 /* MostPopularTVs.swift in Sources */ = {isa = PBXBuildFile; fileRef = E5857A9126A44E28004C1C53 /* MostPopularTVs.swift */; };
		E5D28A4A26A887E7007AE127 /* ActorCollectionViewCell.swift in Sources */ = {isa = PBXBuildFile; fileRef = E5D28A4926A887E7007AE127 /* ActorCollectionViewCell.swift */; };
/* End PBXBuildFile section */

/* Begin PBXFileReference section */
		137FE603C0D7B4BB54346826 /* Pods_IMDB_Clone.framework */ = {isa = PBXFileReference; explicitFileType = wrapper.framework; includeInIndex = 0; path = Pods_IMDB_Clone.framework; sourceTree = BUILT_PRODUCTS_DIR; };
		B63CC57612BF388F804CEF19 /* Pods-IMDB Clone.release.xcconfig */ = {isa = PBXFileReference; includeInIndex = 1; lastKnownFileType = text.xcconfig; name = "Pods-IMDB Clone.release.xcconfig"; path = "Target Support Files/Pods-IMDB Clone/Pods-IMDB Clone.release.xcconfig"; sourceTree = "<group>"; };
		CBD1C887798D14282ADF872A /* Pods-IMDB Clone.debug.xcconfig */ = {isa = PBXFileReference; includeInIndex = 1; lastKnownFileType = text.xcconfig; name = "Pods-IMDB Clone.debug.xcconfig"; path = "Target Support Files/Pods-IMDB Clone/Pods-IMDB Clone.debug.xcconfig"; sourceTree = "<group>"; };
		E53C56C726A2ED4800940E76 /* IMDB Clone.app */ = {isa = PBXFileReference; explicitFileType = wrapper.application; includeInIndex = 0; path = "IMDB Clone.app"; sourceTree = BUILT_PRODUCTS_DIR; };
		E53C56CA26A2ED4800940E76 /* AppDelegate.swift */ = {isa = PBXFileReference; lastKnownFileType = sourcecode.swift; path = AppDelegate.swift; sourceTree = "<group>"; };
		E53C56CC26A2ED4800940E76 /* SceneDelegate.swift */ = {isa = PBXFileReference; lastKnownFileType = sourcecode.swift; path = SceneDelegate.swift; sourceTree = "<group>"; };
		E53C56CE26A2ED4800940E76 /* ViewController.swift */ = {isa = PBXFileReference; lastKnownFileType = sourcecode.swift; path = ViewController.swift; sourceTree = "<group>"; };
		E53C56D126A2ED4800940E76 /* Base */ = {isa = PBXFileReference; lastKnownFileType = file.storyboard; name = Base; path = Base.lproj/Main.storyboard; sourceTree = "<group>"; };
		E53C56D326A2ED4A00940E76 /* Assets.xcassets */ = {isa = PBXFileReference; lastKnownFileType = folder.assetcatalog; path = Assets.xcassets; sourceTree = "<group>"; };
		E53C56D626A2ED4A00940E76 /* Base */ = {isa = PBXFileReference; lastKnownFileType = file.storyboard; name = Base; path = Base.lproj/LaunchScreen.storyboard; sourceTree = "<group>"; };
		E53C56D826A2ED4A00940E76 /* Info.plist */ = {isa = PBXFileReference; lastKnownFileType = text.plist.xml; path = Info.plist; sourceTree = "<group>"; };
		E53C56DF26A2EF6000940E76 /* RequestManager.swift */ = {isa = PBXFileReference; lastKnownFileType = sourcecode.swift; path = RequestManager.swift; sourceTree = "<group>"; };
		E53C56EA26A2FB4700940E76 /* TopMovieTableViewCell.swift */ = {isa = PBXFileReference; lastKnownFileType = sourcecode.swift; path = TopMovieTableViewCell.swift; sourceTree = "<group>"; };
		E53C56ED26A3043000940E76 /* URLExtensions.swift */ = {isa = PBXFileReference; lastKnownFileType = sourcecode.swift; path = URLExtensions.swift; sourceTree = "<group>"; };
		E53C56F726A307BE00940E76 /* TopMovies.swift */ = {isa = PBXFileReference; lastKnownFileType = sourcecode.swift; path = TopMovies.swift; sourceTree = "<group>"; };
		E53C56FD26A30DD100940E76 /* UIViewControllerExtensions.swift */ = {isa = PBXFileReference; lastKnownFileType = sourcecode.swift; path = UIViewControllerExtensions.swift; sourceTree = "<group>"; };
		E53C570026A30E6300940E76 /* LoadingViewController.swift */ = {isa = PBXFileReference; lastKnownFileType = sourcecode.swift; path = LoadingViewController.swift; sourceTree = "<group>"; };
		E53C570226A30F4100940E76 /* SyncManager.swift */ = {isa = PBXFileReference; lastKnownFileType = sourcecode.swift; path = SyncManager.swift; sourceTree = "<group>"; };
		E53C570426A30F6D00940E76 /* LocalDataManager.swift */ = {isa = PBXFileReference; lastKnownFileType = sourcecode.swift; path = LocalDataManager.swift; sourceTree = "<group>"; };
		E53C570626A3182D00940E76 /* Trailer.swift */ = {isa = PBXFileReference; lastKnownFileType = sourcecode.swift; path = Trailer.swift; sourceTree = "<group>"; };
		E53C570926A31D9500940E76 /* PresentTopMovieTrailerViewController.swift */ = {isa = PBXFileReference; lastKnownFileType = sourcecode.swift; path = PresentTopMovieTrailerViewController.swift; sourceTree = "<group>"; };
		E53C570B26A3241D00940E76 /* TopTVs.swift */ = {isa = PBXFileReference; lastKnownFileType = sourcecode.swift; path = TopTVs.swift; sourceTree = "<group>"; };
		E5484CEF26A75CB4001AF566 /* MovieTrailer.swift */ = {isa = PBXFileReference; lastKnownFileType = sourcecode.swift; path = MovieTrailer.swift; sourceTree = "<group>"; };
		E5484CF326A77B83001AF566 /* .swiftlint.yml */ = {isa = PBXFileReference; lastKnownFileType = text.yaml; path = .swiftlint.yml; sourceTree = "<group>"; };
		E549D36F26A454520058C8D1 /* PopularMoviesAndTVsTableViewController.swift */ = {isa = PBXFileReference; lastKnownFileType = sourcecode.swift; path = PopularMoviesAndTVsTableViewController.swift; sourceTree = "<group>"; };
		E549D37126A460410058C8D1 /* SearchViewController.swift */ = {isa = PBXFileReference; lastKnownFileType = sourcecode.swift; path = SearchViewController.swift; sourceTree = "<group>"; };
		E549D37326A462AE0058C8D1 /* NavigationBarExtensions.swift */ = {isa = PBXFileReference; lastKnownFileType = sourcecode.swift; path = NavigationBarExtensions.swift; sourceTree = "<group>"; };
		E549D37526A462E70058C8D1 /* UIImageExtensions.swift */ = {isa = PBXFileReference; lastKnownFileType = sourcecode.swift; path = UIImageExtensions.swift; sourceTree = "<group>"; };
		E5836F0726A592E100471AD3 /* SearchedTitles.swift */ = {isa = PBXFileReference; lastKnownFileType = sourcecode.swift; path = SearchedTitles.swift; sourceTree = "<group>"; };
		E5836F0926A5A71F00471AD3 /* SearchTableViewCell.swift */ = {isa = PBXFileReference; lastKnownFileType = sourcecode.swift; path = SearchTableViewCell.swift; sourceTree = "<group>"; };
		E5857A8F26A44DC9004C1C53 /* MostPopularMovies.swift */ = {isa = PBXFileReference; lastKnownFileType = sourcecode.swift; path = MostPopularMovies.swift; sourceTree = "<group>"; };
		E5857A9126A44E28004C1C53 /* MostPopularTVs.swift */ = {isa = PBXFileReference; lastKnownFileType = sourcecode.swift; path = MostPopularTVs.swift; sourceTree = "<group>"; };
		E5D28A4926A887E7007AE127 /* ActorCollectionViewCell.swift */ = {isa = PBXFileReference; lastKnownFileType = sourcecode.swift; path = ActorCollectionViewCell.swift; sourceTree = "<group>"; };
/* End PBXFileReference section */

/* Begin PBXFrameworksBuildPhase section */
		E53C56C426A2ED4800940E76 /* Frameworks */ = {
			isa = PBXFrameworksBuildPhase;
			buildActionMask = 2147483647;
			files = (
				E53C56FC26A30DC200940E76 /* MBProgressHUD in Frameworks */,
				E53C56F126A3059800940E76 /* Kingfisher in Frameworks */,
				E53C56E326A2F08B00940E76 /* Alamofire in Frameworks */,
				E53C56F426A307A600940E76 /* Realm in Frameworks */,
				E53C56F626A307A600940E76 /* RealmSwift in Frameworks */,
				A8CBA46DAB4C85D549EEE22E /* Pods_IMDB_Clone.framework in Frameworks */,
			);
			runOnlyForDeploymentPostprocessing = 0;
		};
/* End PBXFrameworksBuildPhase section */

/* Begin PBXGroup section */
		4E65BB9879F5774A8187A584 /* Pods */ = {
			isa = PBXGroup;
			children = (
				CBD1C887798D14282ADF872A /* Pods-IMDB Clone.debug.xcconfig */,
				B63CC57612BF388F804CEF19 /* Pods-IMDB Clone.release.xcconfig */,
			);
			path = Pods;
			sourceTree = "<group>";
		};
		8E262A26AFF850EA8F157E7E /* Frameworks */ = {
			isa = PBXGroup;
			children = (
				137FE603C0D7B4BB54346826 /* Pods_IMDB_Clone.framework */,
			);
			name = Frameworks;
			sourceTree = "<group>";
		};
		E53C56BE26A2ED4800940E76 = {
			isa = PBXGroup;
			children = (
				E5484CF326A77B83001AF566 /* .swiftlint.yml */,
				E53C56C926A2ED4800940E76 /* IMDB Clone */,
				E53C56C826A2ED4800940E76 /* Products */,
				4E65BB9879F5774A8187A584 /* Pods */,
				8E262A26AFF850EA8F157E7E /* Frameworks */,
			);
			sourceTree = "<group>";
		};
		E53C56C826A2ED4800940E76 /* Products */ = {
			isa = PBXGroup;
			children = (
				E53C56C726A2ED4800940E76 /* IMDB Clone.app */,
			);
			name = Products;
			sourceTree = "<group>";
		};
		E53C56C926A2ED4800940E76 /* IMDB Clone */ = {
			isa = PBXGroup;
			children = (
				E53C56FF26A30E4D00940E76 /* Controllers */,
				E53C56F926A307CC00940E76 /* Models */,
				E53C56EC26A3042000940E76 /* Extensions */,
				E53C56E826A2FB2100940E76 /* Views */,
				E53C56DE26A2EF4C00940E76 /* Managers */,
				E53C56CA26A2ED4800940E76 /* AppDelegate.swift */,
				E53C56CC26A2ED4800940E76 /* SceneDelegate.swift */,
				E53C56D026A2ED4800940E76 /* Main.storyboard */,
				E53C56D326A2ED4A00940E76 /* Assets.xcassets */,
				E53C56D526A2ED4A00940E76 /* LaunchScreen.storyboard */,
				E53C56D826A2ED4A00940E76 /* Info.plist */,
			);
			path = "IMDB Clone";
			sourceTree = "<group>";
		};
		E53C56DE26A2EF4C00940E76 /* Managers */ = {
			isa = PBXGroup;
			children = (
				E53C56DF26A2EF6000940E76 /* RequestManager.swift */,
				E53C570226A30F4100940E76 /* SyncManager.swift */,
				E53C570426A30F6D00940E76 /* LocalDataManager.swift */,
			);
			path = Managers;
			sourceTree = "<group>";
		};
		E53C56E826A2FB2100940E76 /* Views */ = {
			isa = PBXGroup;
			children = (
				E53C56EA26A2FB4700940E76 /* TopMovieTableViewCell.swift */,
				E5836F0926A5A71F00471AD3 /* SearchTableViewCell.swift */,
				E5D28A4926A887E7007AE127 /* ActorCollectionViewCell.swift */,
			);
			path = Views;
			sourceTree = "<group>";
		};
		E53C56EC26A3042000940E76 /* Extensions */ = {
			isa = PBXGroup;
			children = (
				E53C56ED26A3043000940E76 /* URLExtensions.swift */,
				E53C56FD26A30DD100940E76 /* UIViewControllerExtensions.swift */,
				E549D37326A462AE0058C8D1 /* NavigationBarExtensions.swift */,
				E549D37526A462E70058C8D1 /* UIImageExtensions.swift */,
			);
			path = Extensions;
			sourceTree = "<group>";
		};
		E53C56F926A307CC00940E76 /* Models */ = {
			isa = PBXGroup;
			children = (
				E53C56F726A307BE00940E76 /* TopMovies.swift */,
				E53C570626A3182D00940E76 /* Trailer.swift */,
				E53C570B26A3241D00940E76 /* TopTVs.swift */,
				E5857A8F26A44DC9004C1C53 /* MostPopularMovies.swift */,
				E5857A9126A44E28004C1C53 /* MostPopularTVs.swift */,
				E5836F0726A592E100471AD3 /* SearchedTitles.swift */,
				E5484CEF26A75CB4001AF566 /* MovieTrailer.swift */,
			);
			path = Models;
			sourceTree = "<group>";
		};
		E53C56FF26A30E4D00940E76 /* Controllers */ = {
			isa = PBXGroup;
			children = (
				E549D36E26A4542B0058C8D1 /* MostPopularMoviesAndTVs */,
				E53C570826A31D4B00940E76 /* Top250MoviesAndTVs */,
				E53C570026A30E6300940E76 /* LoadingViewController.swift */,
				E549D37126A460410058C8D1 /* SearchViewController.swift */,
			);
			path = Controllers;
			sourceTree = "<group>";
		};
		E53C570826A31D4B00940E76 /* Top250MoviesAndTVs */ = {
			isa = PBXGroup;
			children = (
				E53C56CE26A2ED4800940E76 /* ViewController.swift */,
				E53C570926A31D9500940E76 /* PresentTopMovieTrailerViewController.swift */,
			);
			path = Top250MoviesAndTVs;
			sourceTree = "<group>";
		};
		E549D36E26A4542B0058C8D1 /* MostPopularMoviesAndTVs */ = {
			isa = PBXGroup;
			children = (
				E549D36F26A454520058C8D1 /* PopularMoviesAndTVsTableViewController.swift */,
			);
			path = MostPopularMoviesAndTVs;
			sourceTree = "<group>";
		};
/* End PBXGroup section */

/* Begin PBXNativeTarget section */
		E53C56C626A2ED4800940E76 /* IMDB Clone */ = {
			isa = PBXNativeTarget;
			buildConfigurationList = E53C56DB26A2ED4A00940E76 /* Build configuration list for PBXNativeTarget "IMDB Clone" */;
			buildPhases = (
				036DA69A00E5299EDD2719D1 /* [CP] Check Pods Manifest.lock */,
				E53C56E726A2F4E100940E76 /* ShellScript */,
				E53C56C326A2ED4800940E76 /* Sources */,
				E53C56C426A2ED4800940E76 /* Frameworks */,
				E53C56C526A2ED4800940E76 /* Resources */,
				5126138968EE68502A755345 /* [CP] Embed Pods Frameworks */,
			);
			buildRules = (
			);
			dependencies = (
			);
			name = "IMDB Clone";
			packageProductDependencies = (
				E53C56E226A2F08B00940E76 /* Alamofire */,
				E53C56F026A3059800940E76 /* Kingfisher */,
				E53C56F326A307A600940E76 /* Realm */,
				E53C56F526A307A600940E76 /* RealmSwift */,
				E53C56FB26A30DC200940E76 /* MBProgressHUD */,
			);
			productName = "IMDB Clone";
			productReference = E53C56C726A2ED4800940E76 /* IMDB Clone.app */;
			productType = "com.apple.product-type.application";
		};
/* End PBXNativeTarget section */

/* Begin PBXProject section */
		E53C56BF26A2ED4800940E76 /* Project object */ = {
			isa = PBXProject;
			attributes = {
				LastSwiftUpdateCheck = 1250;
				LastUpgradeCheck = 1250;
				TargetAttributes = {
					E53C56C626A2ED4800940E76 = {
						CreatedOnToolsVersion = 12.5.1;
					};
				};
			};
			buildConfigurationList = E53C56C226A2ED4800940E76 /* Build configuration list for PBXProject "IMDB Clone" */;
			compatibilityVersion = "Xcode 9.3";
			developmentRegion = en;
			hasScannedForEncodings = 0;
			knownRegions = (
				en,
				Base,
			);
			mainGroup = E53C56BE26A2ED4800940E76;
			packageReferences = (
				E53C56E126A2F08B00940E76 /* XCRemoteSwiftPackageReference "Alamofire" */,
				E53C56EF26A3059800940E76 /* XCRemoteSwiftPackageReference "Kingfisher" */,
				E53C56F226A307A600940E76 /* XCRemoteSwiftPackageReference "realm-cocoa" */,
				E53C56FA26A30DC200940E76 /* XCRemoteSwiftPackageReference "MBProgressHUD" */,
			);
			productRefGroup = E53C56C826A2ED4800940E76 /* Products */;
			projectDirPath = "";
			projectRoot = "";
			targets = (
				E53C56C626A2ED4800940E76 /* IMDB Clone */,
			);
		};
/* End PBXProject section */

/* Begin PBXResourcesBuildPhase section */
		E53C56C526A2ED4800940E76 /* Resources */ = {
			isa = PBXResourcesBuildPhase;
			buildActionMask = 2147483647;
			files = (
				E5484CF426A77B83001AF566 /* .swiftlint.yml in Resources */,
				E53C56D726A2ED4A00940E76 /* LaunchScreen.storyboard in Resources */,
				E53C56D426A2ED4A00940E76 /* Assets.xcassets in Resources */,
				E53C56D226A2ED4800940E76 /* Main.storyboard in Resources */,
			);
			runOnlyForDeploymentPostprocessing = 0;
		};
/* End PBXResourcesBuildPhase section */

/* Begin PBXShellScriptBuildPhase section */
		036DA69A00E5299EDD2719D1 /* [CP] Check Pods Manifest.lock */ = {
			isa = PBXShellScriptBuildPhase;
			buildActionMask = 2147483647;
			files = (
			);
			inputFileListPaths = (
			);
			inputPaths = (
				"${PODS_PODFILE_DIR_PATH}/Podfile.lock",
				"${PODS_ROOT}/Manifest.lock",
			);
			name = "[CP] Check Pods Manifest.lock";
			outputFileListPaths = (
			);
			outputPaths = (
				"$(DERIVED_FILE_DIR)/Pods-IMDB Clone-checkManifestLockResult.txt",
			);
			runOnlyForDeploymentPostprocessing = 0;
			shellPath = /bin/sh;
			shellScript = "diff \"${PODS_PODFILE_DIR_PATH}/Podfile.lock\" \"${PODS_ROOT}/Manifest.lock\" > /dev/null\nif [ $? != 0 ] ; then\n    # print error to STDERR\n    echo \"error: The sandbox is not in sync with the Podfile.lock. Run 'pod install' or update your CocoaPods installation.\" >&2\n    exit 1\nfi\n# This output is used by Xcode 'outputs' to avoid re-running this script phase.\necho \"SUCCESS\" > \"${SCRIPT_OUTPUT_FILE_0}\"\n";
			showEnvVarsInLog = 0;
		};
		5126138968EE68502A755345 /* [CP] Embed Pods Frameworks */ = {
			isa = PBXShellScriptBuildPhase;
			buildActionMask = 2147483647;
			files = (
			);
			inputFileListPaths = (
				"${PODS_ROOT}/Target Support Files/Pods-IMDB Clone/Pods-IMDB Clone-frameworks-${CONFIGURATION}-input-files.xcfilelist",
			);
			name = "[CP] Embed Pods Frameworks";
			outputFileListPaths = (
				"${PODS_ROOT}/Target Support Files/Pods-IMDB Clone/Pods-IMDB Clone-frameworks-${CONFIGURATION}-output-files.xcfilelist",
			);
			runOnlyForDeploymentPostprocessing = 0;
			shellPath = /bin/sh;
			shellScript = "\"${PODS_ROOT}/Target Support Files/Pods-IMDB Clone/Pods-IMDB Clone-frameworks.sh\"\n";
			showEnvVarsInLog = 0;
		};
		E53C56E726A2F4E100940E76 /* ShellScript */ = {
			isa = PBXShellScriptBuildPhase;
			buildActionMask = 2147483647;
			files = (
			);
			inputFileListPaths = (
			);
			inputPaths = (
			);
			outputFileListPaths = (
			);
			outputPaths = (
			);
			runOnlyForDeploymentPostprocessing = 0;
			shellPath = /bin/sh;
			shellScript = "\"${PODS_ROOT}/SwiftLint/swiftlint\"\n";
		};
/* End PBXShellScriptBuildPhase section */

/* Begin PBXSourcesBuildPhase section */
		E53C56C326A2ED4800940E76 /* Sources */ = {
			isa = PBXSourcesBuildPhase;
			buildActionMask = 2147483647;
			files = (
				E53C56FE26A30DD100940E76 /* UIViewControllerExtensions.swift in Sources */,
				E549D37026A454520058C8D1 /* PopularMoviesAndTVsTableViewController.swift in Sources */,
				E5836F0826A592E100471AD3 /* SearchedTitles.swift in Sources */,
				E53C56CF26A2ED4800940E76 /* ViewController.swift in Sources */,
				E5857A9226A44E28004C1C53 /* MostPopularTVs.swift in Sources */,
				E53C56EE26A3043000940E76 /* URLExtensions.swift in Sources */,
				E549D37426A462AE0058C8D1 /* NavigationBarExtensions.swift in Sources */,
				E5857A9026A44DC9004C1C53 /* MostPopularMovies.swift in Sources */,
				E549D37626A462E70058C8D1 /* UIImageExtensions.swift in Sources */,
				E53C570C26A3241D00940E76 /* TopTVs.swift in Sources */,
				E53C56F826A307BE00940E76 /* TopMovies.swift in Sources */,
				E53C570A26A31D9500940E76 /* PresentTopMovieTrailerViewController.swift in Sources */,
				E53C570526A30F6D00940E76 /* LocalDataManager.swift in Sources */,
				E53C56CB26A2ED4800940E76 /* AppDelegate.swift in Sources */,
				E53C570126A30E6300940E76 /* LoadingViewController.swift in Sources */,
				E5836F0A26A5A71F00471AD3 /* SearchTableViewCell.swift in Sources */,
				E5D28A4A26A887E7007AE127 /* ActorCollectionViewCell.swift in Sources */,
				E549D37226A460410058C8D1 /* SearchViewController.swift in Sources */,
				E53C570726A3182D00940E76 /* Trailer.swift in Sources */,
				E53C570326A30F4100940E76 /* SyncManager.swift in Sources */,
				E53C56CD26A2ED4800940E76 /* SceneDelegate.swift in Sources */,
				E5484CF026A75CB4001AF566 /* MovieTrailer.swift in Sources */,
				E53C56EB26A2FB4800940E76 /* TopMovieTableViewCell.swift in Sources */,
				E53C56E026A2EF6000940E76 /* RequestManager.swift in Sources */,
			);
			runOnlyForDeploymentPostprocessing = 0;
		};
/* End PBXSourcesBuildPhase section */

/* Begin PBXVariantGroup section */
		E53C56D026A2ED4800940E76 /* Main.storyboard */ = {
			isa = PBXVariantGroup;
			children = (
				E53C56D126A2ED4800940E76 /* Base */,
			);
			name = Main.storyboard;
			sourceTree = "<group>";
		};
		E53C56D526A2ED4A00940E76 /* LaunchScreen.storyboard */ = {
			isa = PBXVariantGroup;
			children = (
				E53C56D626A2ED4A00940E76 /* Base */,
			);
			name = LaunchScreen.storyboard;
			sourceTree = "<group>";
		};
/* End PBXVariantGroup section */

/* Begin XCBuildConfiguration section */
		E53C56D926A2ED4A00940E76 /* Debug */ = {
			isa = XCBuildConfiguration;
			buildSettings = {
				ALWAYS_SEARCH_USER_PATHS = NO;
				CLANG_ANALYZER_NONNULL = YES;
				CLANG_ANALYZER_NUMBER_OBJECT_CONVERSION = YES_AGGRESSIVE;
				CLANG_CXX_LANGUAGE_STANDARD = "gnu++14";
				CLANG_CXX_LIBRARY = "libc++";
				CLANG_ENABLE_MODULES = YES;
				CLANG_ENABLE_OBJC_ARC = YES;
				CLANG_ENABLE_OBJC_WEAK = YES;
				CLANG_WARN_BLOCK_CAPTURE_AUTORELEASING = YES;
				CLANG_WARN_BOOL_CONVERSION = YES;
				CLANG_WARN_COMMA = YES;
				CLANG_WARN_CONSTANT_CONVERSION = YES;
				CLANG_WARN_DEPRECATED_OBJC_IMPLEMENTATIONS = YES;
				CLANG_WARN_DIRECT_OBJC_ISA_USAGE = YES_ERROR;
				CLANG_WARN_DOCUMENTATION_COMMENTS = YES;
				CLANG_WARN_EMPTY_BODY = YES;
				CLANG_WARN_ENUM_CONVERSION = YES;
				CLANG_WARN_INFINITE_RECURSION = YES;
				CLANG_WARN_INT_CONVERSION = YES;
				CLANG_WARN_NON_LITERAL_NULL_CONVERSION = YES;
				CLANG_WARN_OBJC_IMPLICIT_RETAIN_SELF = YES;
				CLANG_WARN_OBJC_LITERAL_CONVERSION = YES;
				CLANG_WARN_OBJC_ROOT_CLASS = YES_ERROR;
				CLANG_WARN_QUOTED_INCLUDE_IN_FRAMEWORK_HEADER = YES;
				CLANG_WARN_RANGE_LOOP_ANALYSIS = YES;
				CLANG_WARN_STRICT_PROTOTYPES = YES;
				CLANG_WARN_SUSPICIOUS_MOVE = YES;
				CLANG_WARN_UNGUARDED_AVAILABILITY = YES_AGGRESSIVE;
				CLANG_WARN_UNREACHABLE_CODE = YES;
				CLANG_WARN__DUPLICATE_METHOD_MATCH = YES;
				COPY_PHASE_STRIP = NO;
				DEBUG_INFORMATION_FORMAT = dwarf;
				ENABLE_STRICT_OBJC_MSGSEND = YES;
				ENABLE_TESTABILITY = YES;
				GCC_C_LANGUAGE_STANDARD = gnu11;
				GCC_DYNAMIC_NO_PIC = NO;
				GCC_NO_COMMON_BLOCKS = YES;
				GCC_OPTIMIZATION_LEVEL = 0;
				GCC_PREPROCESSOR_DEFINITIONS = (
					"DEBUG=1",
					"$(inherited)",
				);
				GCC_WARN_64_TO_32_BIT_CONVERSION = YES;
				GCC_WARN_ABOUT_RETURN_TYPE = YES_ERROR;
				GCC_WARN_UNDECLARED_SELECTOR = YES;
				GCC_WARN_UNINITIALIZED_AUTOS = YES_AGGRESSIVE;
				GCC_WARN_UNUSED_FUNCTION = YES;
				GCC_WARN_UNUSED_VARIABLE = YES;
				IPHONEOS_DEPLOYMENT_TARGET = 14.5;
				MTL_ENABLE_DEBUG_INFO = INCLUDE_SOURCE;
				MTL_FAST_MATH = YES;
				ONLY_ACTIVE_ARCH = YES;
				SDKROOT = iphoneos;
				SWIFT_ACTIVE_COMPILATION_CONDITIONS = DEBUG;
				SWIFT_OPTIMIZATION_LEVEL = "-Onone";
			};
			name = Debug;
		};
		E53C56DA26A2ED4A00940E76 /* Release */ = {
			isa = XCBuildConfiguration;
			buildSettings = {
				ALWAYS_SEARCH_USER_PATHS = NO;
				CLANG_ANALYZER_NONNULL = YES;
				CLANG_ANALYZER_NUMBER_OBJECT_CONVERSION = YES_AGGRESSIVE;
				CLANG_CXX_LANGUAGE_STANDARD = "gnu++14";
				CLANG_CXX_LIBRARY = "libc++";
				CLANG_ENABLE_MODULES = YES;
				CLANG_ENABLE_OBJC_ARC = YES;
				CLANG_ENABLE_OBJC_WEAK = YES;
				CLANG_WARN_BLOCK_CAPTURE_AUTORELEASING = YES;
				CLANG_WARN_BOOL_CONVERSION = YES;
				CLANG_WARN_COMMA = YES;
				CLANG_WARN_CONSTANT_CONVERSION = YES;
				CLANG_WARN_DEPRECATED_OBJC_IMPLEMENTATIONS = YES;
				CLANG_WARN_DIRECT_OBJC_ISA_USAGE = YES_ERROR;
				CLANG_WARN_DOCUMENTATION_COMMENTS = YES;
				CLANG_WARN_EMPTY_BODY = YES;
				CLANG_WARN_ENUM_CONVERSION = YES;
				CLANG_WARN_INFINITE_RECURSION = YES;
				CLANG_WARN_INT_CONVERSION = YES;
				CLANG_WARN_NON_LITERAL_NULL_CONVERSION = YES;
				CLANG_WARN_OBJC_IMPLICIT_RETAIN_SELF = YES;
				CLANG_WARN_OBJC_LITERAL_CONVERSION = YES;
				CLANG_WARN_OBJC_ROOT_CLASS = YES_ERROR;
				CLANG_WARN_QUOTED_INCLUDE_IN_FRAMEWORK_HEADER = YES;
				CLANG_WARN_RANGE_LOOP_ANALYSIS = YES;
				CLANG_WARN_STRICT_PROTOTYPES = YES;
				CLANG_WARN_SUSPICIOUS_MOVE = YES;
				CLANG_WARN_UNGUARDED_AVAILABILITY = YES_AGGRESSIVE;
				CLANG_WARN_UNREACHABLE_CODE = YES;
				CLANG_WARN__DUPLICATE_METHOD_MATCH = YES;
				COPY_PHASE_STRIP = NO;
				DEBUG_INFORMATION_FORMAT = "dwarf-with-dsym";
				ENABLE_NS_ASSERTIONS = NO;
				ENABLE_STRICT_OBJC_MSGSEND = YES;
				GCC_C_LANGUAGE_STANDARD = gnu11;
				GCC_NO_COMMON_BLOCKS = YES;
				GCC_WARN_64_TO_32_BIT_CONVERSION = YES;
				GCC_WARN_ABOUT_RETURN_TYPE = YES_ERROR;
				GCC_WARN_UNDECLARED_SELECTOR = YES;
				GCC_WARN_UNINITIALIZED_AUTOS = YES_AGGRESSIVE;
				GCC_WARN_UNUSED_FUNCTION = YES;
				GCC_WARN_UNUSED_VARIABLE = YES;
				IPHONEOS_DEPLOYMENT_TARGET = 14.5;
				MTL_ENABLE_DEBUG_INFO = NO;
				MTL_FAST_MATH = YES;
				SDKROOT = iphoneos;
				SWIFT_COMPILATION_MODE = wholemodule;
				SWIFT_OPTIMIZATION_LEVEL = "-O";
				VALIDATE_PRODUCT = YES;
			};
			name = Release;
		};
		E53C56DC26A2ED4A00940E76 /* Debug */ = {
			isa = XCBuildConfiguration;
			baseConfigurationReference = CBD1C887798D14282ADF872A /* Pods-IMDB Clone.debug.xcconfig */;
			buildSettings = {
				ASSETCATALOG_COMPILER_APPICON_NAME = AppIcon;
				ASSETCATALOG_COMPILER_GLOBAL_ACCENT_COLOR_NAME = AccentColor;
				CODE_SIGN_STYLE = Automatic;
				DEVELOPMENT_TEAM = C5B8534J99;
				INFOPLIST_FILE = "IMDB Clone/Info.plist";
				LD_RUNPATH_SEARCH_PATHS = (
					"$(inherited)",
					"@executable_path/Frameworks",
				);
				PRODUCT_BUNDLE_IDENTIFIER = "com.KonstantinKostadinov.IMDB-Clone";
				PRODUCT_NAME = "$(TARGET_NAME)";
				SWIFT_VERSION = 5.0;
				TARGETED_DEVICE_FAMILY = "1,2";
			};
			name = Debug;
		};
		E53C56DD26A2ED4A00940E76 /* Release */ = {
			isa = XCBuildConfiguration;
			baseConfigurationReference = B63CC57612BF388F804CEF19 /* Pods-IMDB Clone.release.xcconfig */;
			buildSettings = {
				ASSETCATALOG_COMPILER_APPICON_NAME = AppIcon;
				ASSETCATALOG_COMPILER_GLOBAL_ACCENT_COLOR_NAME = AccentColor;
				CODE_SIGN_STYLE = Automatic;
				DEVELOPMENT_TEAM = C5B8534J99;
				INFOPLIST_FILE = "IMDB Clone/Info.plist";
				LD_RUNPATH_SEARCH_PATHS = (
					"$(inherited)",
					"@executable_path/Frameworks",
				);
				PRODUCT_BUNDLE_IDENTIFIER = "com.KonstantinKostadinov.IMDB-Clone";
				PRODUCT_NAME = "$(TARGET_NAME)";
				SWIFT_VERSION = 5.0;
				TARGETED_DEVICE_FAMILY = "1,2";
			};
			name = Release;
		};
/* End XCBuildConfiguration section */

/* Begin XCConfigurationList section */
		E53C56C226A2ED4800940E76 /* Build configuration list for PBXProject "IMDB Clone" */ = {
			isa = XCConfigurationList;
			buildConfigurations = (
				E53C56D926A2ED4A00940E76 /* Debug */,
				E53C56DA26A2ED4A00940E76 /* Release */,
			);
			defaultConfigurationIsVisible = 0;
			defaultConfigurationName = Release;
		};
		E53C56DB26A2ED4A00940E76 /* Build configuration list for PBXNativeTarget "IMDB Clone" */ = {
			isa = XCConfigurationList;
			buildConfigurations = (
				E53C56DC26A2ED4A00940E76 /* Debug */,
				E53C56DD26A2ED4A00940E76 /* Release */,
			);
			defaultConfigurationIsVisible = 0;
			defaultConfigurationName = Release;
		};
/* End XCConfigurationList section */

/* Begin XCRemoteSwiftPackageReference section */
		E53C56E126A2F08B00940E76 /* XCRemoteSwiftPackageReference "Alamofire" */ = {
			isa = XCRemoteSwiftPackageReference;
			repositoryURL = "https://github.com/Alamofire/Alamofire";
			requirement = {
				kind = upToNextMajorVersion;
				minimumVersion = 4.9.1;
			};
		};
		E53C56EF26A3059800940E76 /* XCRemoteSwiftPackageReference "Kingfisher" */ = {
			isa = XCRemoteSwiftPackageReference;
			repositoryURL = "https://github.com/onevcat/Kingfisher";
			requirement = {
				kind = upToNextMajorVersion;
				minimumVersion = 6.3.0;
			};
		};
		E53C56F226A307A600940E76 /* XCRemoteSwiftPackageReference "realm-cocoa" */ = {
			isa = XCRemoteSwiftPackageReference;
			repositoryURL = "https://github.com/realm/realm-cocoa";
			requirement = {
				kind = upToNextMajorVersion;
				minimumVersion = 10.10.0;
			};
		};
		E53C56FA26A30DC200940E76 /* XCRemoteSwiftPackageReference "MBProgressHUD" */ = {
			isa = XCRemoteSwiftPackageReference;
			repositoryURL = "https://github.com/jdg/MBProgressHUD";
			requirement = {
				kind = upToNextMajorVersion;
				minimumVersion = 1.2.0;
			};
		};
/* End XCRemoteSwiftPackageReference section */

/* Begin XCSwiftPackageProductDependency section */
		E53C56E226A2F08B00940E76 /* Alamofire */ = {
			isa = XCSwiftPackageProductDependency;
			package = E53C56E126A2F08B00940E76 /* XCRemoteSwiftPackageReference "Alamofire" */;
			productName = Alamofire;
		};
		E53C56F026A3059800940E76 /* Kingfisher */ = {
			isa = XCSwiftPackageProductDependency;
			package = E53C56EF26A3059800940E76 /* XCRemoteSwiftPackageReference "Kingfisher" */;
			productName = Kingfisher;
		};
		E53C56F326A307A600940E76 /* Realm */ = {
			isa = XCSwiftPackageProductDependency;
			package = E53C56F226A307A600940E76 /* XCRemoteSwiftPackageReference "realm-cocoa" */;
			productName = Realm;
		};
		E53C56F526A307A600940E76 /* RealmSwift */ = {
			isa = XCSwiftPackageProductDependency;
			package = E53C56F226A307A600940E76 /* XCRemoteSwiftPackageReference "realm-cocoa" */;
			productName = RealmSwift;
		};
		E53C56FB26A30DC200940E76 /* MBProgressHUD */ = {
			isa = XCSwiftPackageProductDependency;
			package = E53C56FA26A30DC200940E76 /* XCRemoteSwiftPackageReference "MBProgressHUD" */;
			productName = MBProgressHUD;
		};
/* End XCSwiftPackageProductDependency section */
	};
	rootObject = E53C56BF26A2ED4800940E76 /* Project object */;
}
